
Microsoft Visual Studio Solution File, Format Version 12.00
# Visual Studio Version 16
VisualStudioVersion = 16.0.30309.148
MinimumVisualStudioVersion = 10.0.40219.1
Project("{2150E333-8FDC-42A3-9474-1A3956D46DE8}") = "Solution Items", "Solution Items", "{5BC0E286-B85B-4F7F-8AC0-EAD33D9CBEB4}"
EndProject
Project("{9A19103F-16F7-4668-BE54-9A1E7A4F7556}") = "SeaCleaner.Server", "SeaCleaner\Server\SeaCleaner.Server.csproj", "{C9383087-A683-4ACE-93C1-1C8DA3B76B02}"
EndProject
Project("{9A19103F-16F7-4668-BE54-9A1E7A4F7556}") = "SeaCleaner.Client", "SeaCleaner\Client\SeaCleaner.Client.csproj", "{3092AD66-9264-4B6A-B378-416740DA6155}"
EndProject
Project("{9A19103F-16F7-4668-BE54-9A1E7A4F7556}") = "SeaCleaner.Shared", "SeaCleaner\Shared\SeaCleaner.Shared.csproj", "{41E33F4B-E758-4417-A97E-E2EFA0E64302}"
EndProject
Global
	GlobalSection(SolutionConfigurationPlatforms) = preSolution
		Debug|Any CPU = Debug|Any CPU
		Release|Any CPU = Release|Any CPU
	EndGlobalSection
	GlobalSection(ProjectConfigurationPlatforms) = postSolution
		{C9383087-A683-4ACE-93C1-1C8DA3B76B02}.Debug|Any CPU.ActiveCfg = Debug|Any CPU
		{C9383087-A683-4ACE-93C1-1C8DA3B76B02}.Debug|Any CPU.Build.0 = Debug|Any CPU
		{C9383087-A683-4ACE-93C1-1C8DA3B76B02}.Release|Any CPU.ActiveCfg = Release|Any CPU
		{C9383087-A683-4ACE-93C1-1C8DA3B76B02}.Release|Any CPU.Build.0 = Release|Any CPU
		{3092AD66-9264-4B6A-B378-416740DA6155}.Debug|Any CPU.ActiveCfg = Debug|Any CPU
		{3092AD66-9264-4B6A-B378-416740DA6155}.Debug|Any CPU.Build.0 = Debug|Any CPU
		{3092AD66-9264-4B6A-B378-416740DA6155}.Release|Any CPU.ActiveCfg = Release|Any CPU
		{3092AD66-9264-4B6A-B378-416740DA6155}.Release|Any CPU.Build.0 = Release|Any CPU
		{41E33F4B-E758-4417-A97E-E2EFA0E64302}.Debug|Any CPU.ActiveCfg = Debug|Any CPU
		{41E33F4B-E758-4417-A97E-E2EFA0E64302}.Debug|Any CPU.Build.0 = Debug|Any CPU
		{41E33F4B-E758-4417-A97E-E2EFA0E64302}.Release|Any CPU.ActiveCfg = Release|Any CPU
		{41E33F4B-E758-4417-A97E-E2EFA0E64302}.Release|Any CPU.Build.0 = Release|Any CPU
	EndGlobalSection
	GlobalSection(SolutionProperties) = preSolution
		HideSolutionNode = FALSE
	EndGlobalSection
	GlobalSection(ExtensibilityGlobals) = postSolution
		SolutionGuid = {99620E1F-FD0F-475F-961D-6690BFCBB536}
	EndGlobalSection
EndGlobal
